// !$*UTF8*$!
{
	archiveVersion = 1;
	classes = {
	};
	objectVersion = 46;
	objects = {

/* Begin PBXBuildFile section */
		5E007AEB16FA17D200F8CFFD /* BPMarkdownView.m in Sources */ = {isa = PBXBuildFile; fileRef = 5E007AEA16FA17D100F8CFFD /* BPMarkdownView.m */; };
		5E58C58817908CE800BACAC0 /* BPAccessibilityElement.m in Sources */ = {isa = PBXBuildFile; fileRef = 5E58C58517908CE800BACAC0 /* BPAccessibilityElement.m */; };
		5E58C58917908CE800BACAC0 /* BPAccessibilityVisitor.m in Sources */ = {isa = PBXBuildFile; fileRef = 5E58C58717908CE800BACAC0 /* BPAccessibilityVisitor.m */; };
		5E58C58C17908CFC00BACAC0 /* BPAttributedTextVisitor.m in Sources */ = {isa = PBXBuildFile; fileRef = 5E58C58B17908CFC00BACAC0 /* BPAttributedTextVisitor.m */; };
		5E58C58F17908D2000BACAC0 /* BPElementWalker.m in Sources */ = {isa = PBXBuildFile; fileRef = 5E58C58E17908D2000BACAC0 /* BPElementWalker.m */; };
		5E58C59217908D3300BACAC0 /* BPTextVisitor.m in Sources */ = {isa = PBXBuildFile; fileRef = 5E58C59117908D3200BACAC0 /* BPTextVisitor.m */; };
		5E58C59617908E9900BACAC0 /* BPDisplaySettings.m in Sources */ = {isa = PBXBuildFile; fileRef = 5E58C59517908E9900BACAC0 /* BPDisplaySettings.m */; };
		5E5BC81C16E004FA00165503 /* Foundation.framework in Frameworks */ = {isa = PBXBuildFile; fileRef = 5E5BC81B16E004FA00165503 /* Foundation.framework */; };
		5E5BC82116E004FA00165503 /* Bypass.h in CopyFiles */ = {isa = PBXBuildFile; fileRef = 5E5BC82016E004FA00165503 /* Bypass.h */; };
		5E5BC82B16E004FA00165503 /* SenTestingKit.framework in Frameworks */ = {isa = PBXBuildFile; fileRef = 5E5BC82A16E004FA00165503 /* SenTestingKit.framework */; };
		5E5BC82E16E004FA00165503 /* Foundation.framework in Frameworks */ = {isa = PBXBuildFile; fileRef = 5E5BC81B16E004FA00165503 /* Foundation.framework */; };
		5E5BC83116E004FA00165503 /* libBypass.a in Frameworks */ = {isa = PBXBuildFile; fileRef = 5E5BC81816E004FA00165503 /* libBypass.a */; };
		5E5BC83716E004FA00165503 /* InfoPlist.strings in Resources */ = {isa = PBXBuildFile; fileRef = 5E5BC83516E004FA00165503 /* InfoPlist.strings */; };
		5E5BC85016E005E700165503 /* UIKit.framework in Frameworks */ = {isa = PBXBuildFile; fileRef = 5E5BC84F16E005E700165503 /* UIKit.framework */; };
		5E5BC85316E0066E00165503 /* BPParser.mm in Sources */ = {isa = PBXBuildFile; fileRef = 5E5BC85216E0066E00165503 /* BPParser.mm */; };
		5E5BC87316E0083D00165503 /* BPDocument.mm in Sources */ = {isa = PBXBuildFile; fileRef = 5E5BC87216E0083D00165503 /* BPDocument.mm */; };
		5E5BC87616E0085000165503 /* BPElement.mm in Sources */ = {isa = PBXBuildFile; fileRef = 5E5BC87516E0085000165503 /* BPElement.mm */; };
		5E5BC87B16E11F7300165503 /* BPElementTests.mm in Sources */ = {isa = PBXBuildFile; fileRef = 5E5BC87A16E11F7300165503 /* BPElementTests.mm */; };
		5E5BC87F16E134C200165503 /* BPDocumentTests.mm in Sources */ = {isa = PBXBuildFile; fileRef = 5E5BC87E16E134C200165503 /* BPDocumentTests.mm */; };
		5E5BC88216E1448C00165503 /* BPParserTests.m in Sources */ = {isa = PBXBuildFile; fileRef = 5E5BC88116E1448C00165503 /* BPParserTests.m */; };
		5E5BC89116E79B2E00165503 /* array.c in Sources */ = {isa = PBXBuildFile; fileRef = 5E5BC88B16E79B2E00165503 /* array.c */; };
		5E5BC89216E79B2E00165503 /* buffer.c in Sources */ = {isa = PBXBuildFile; fileRef = 5E5BC88D16E79B2E00165503 /* buffer.c */; };
		5E5BC89316E79B2E00165503 /* markdown.c in Sources */ = {isa = PBXBuildFile; fileRef = 5E5BC88F16E79B2E00165503 /* markdown.c */; };
		5E5BC89A16E79B6200165503 /* document.cpp in Sources */ = {isa = PBXBuildFile; fileRef = 5E5BC89416E79B6200165503 /* document.cpp */; };
		5E5BC89B16E79B6200165503 /* element.cpp in Sources */ = {isa = PBXBuildFile; fileRef = 5E5BC89616E79B6200165503 /* element.cpp */; };
		5E5BC89C16E79B6200165503 /* parser.cpp in Sources */ = {isa = PBXBuildFile; fileRef = 5E5BC89816E79B6200165503 /* parser.cpp */; };
		5E5BC8A116E7BE9400165503 /* CoreText.framework in Frameworks */ = {isa = PBXBuildFile; fileRef = 5E5BC8A016E7BE9400165503 /* CoreText.framework */; };
		6BE4F72716F0E9D100670C16 /* BPMarkdownPageView.m in Sources */ = {isa = PBXBuildFile; fileRef = 6BE4F72616F0E9D100670C16 /* BPMarkdownPageView.m */; };
/* End PBXBuildFile section */

/* Begin PBXContainerItemProxy section */
		5E5BC82F16E004FA00165503 /* PBXContainerItemProxy */ = {
			isa = PBXContainerItemProxy;
			containerPortal = 5E5BC81016E004FA00165503 /* Project object */;
			proxyType = 1;
			remoteGlobalIDString = 5E5BC81716E004FA00165503;
			remoteInfo = Bypass;
		};
/* End PBXContainerItemProxy section */

/* Begin PBXCopyFilesBuildPhase section */
		5E5BC81616E004FA00165503 /* CopyFiles */ = {
			isa = PBXCopyFilesBuildPhase;
			buildActionMask = 2147483647;
			dstPath = "include/${PRODUCT_NAME}";
			dstSubfolderSpec = 16;
			files = (
				5E5BC82116E004FA00165503 /* Bypass.h in CopyFiles */,
			);
			runOnlyForDeploymentPostprocessing = 0;
		};
/* End PBXCopyFilesBuildPhase section */

/* Begin PBXFileReference section */
		5E007AE916FA17D100F8CFFD /* BPMarkdownView.h */ = {isa = PBXFileReference; fileEncoding = 4; lastKnownFileType = sourcecode.c.h; path = BPMarkdownView.h; sourceTree = "<group>"; };
		5E007AEA16FA17D100F8CFFD /* BPMarkdownView.m */ = {isa = PBXFileReference; fileEncoding = 4; lastKnownFileType = sourcecode.c.objc; path = BPMarkdownView.m; sourceTree = "<group>"; };
		5E58C58417908CE800BACAC0 /* BPAccessibilityElement.h */ = {isa = PBXFileReference; fileEncoding = 4; lastKnownFileType = sourcecode.c.h; path = BPAccessibilityElement.h; sourceTree = "<group>"; };
		5E58C58517908CE800BACAC0 /* BPAccessibilityElement.m */ = {isa = PBXFileReference; fileEncoding = 4; lastKnownFileType = sourcecode.c.objc; path = BPAccessibilityElement.m; sourceTree = "<group>"; };
		5E58C58617908CE800BACAC0 /* BPAccessibilityVisitor.h */ = {isa = PBXFileReference; fileEncoding = 4; lastKnownFileType = sourcecode.c.h; path = BPAccessibilityVisitor.h; sourceTree = "<group>"; };
		5E58C58717908CE800BACAC0 /* BPAccessibilityVisitor.m */ = {isa = PBXFileReference; fileEncoding = 4; lastKnownFileType = sourcecode.c.objc; path = BPAccessibilityVisitor.m; sourceTree = "<group>"; };
		5E58C58A17908CFC00BACAC0 /* BPAttributedTextVisitor.h */ = {isa = PBXFileReference; fileEncoding = 4; lastKnownFileType = sourcecode.c.h; path = BPAttributedTextVisitor.h; sourceTree = "<group>"; };
		5E58C58B17908CFC00BACAC0 /* BPAttributedTextVisitor.m */ = {isa = PBXFileReference; fileEncoding = 4; lastKnownFileType = sourcecode.c.objc; path = BPAttributedTextVisitor.m; sourceTree = "<group>"; };
		5E58C58D17908D2000BACAC0 /* BPElementWalker.h */ = {isa = PBXFileReference; fileEncoding = 4; lastKnownFileType = sourcecode.c.h; path = BPElementWalker.h; sourceTree = "<group>"; };
		5E58C58E17908D2000BACAC0 /* BPElementWalker.m */ = {isa = PBXFileReference; fileEncoding = 4; lastKnownFileType = sourcecode.c.objc; path = BPElementWalker.m; sourceTree = "<group>"; };
		5E58C59017908D3200BACAC0 /* BPTextVisitor.h */ = {isa = PBXFileReference; fileEncoding = 4; lastKnownFileType = sourcecode.c.h; path = BPTextVisitor.h; sourceTree = "<group>"; };
		5E58C59117908D3200BACAC0 /* BPTextVisitor.m */ = {isa = PBXFileReference; fileEncoding = 4; lastKnownFileType = sourcecode.c.objc; path = BPTextVisitor.m; sourceTree = "<group>"; };
		5E58C59417908E9900BACAC0 /* BPDisplaySettings.h */ = {isa = PBXFileReference; fileEncoding = 4; lastKnownFileType = sourcecode.c.h; path = BPDisplaySettings.h; sourceTree = "<group>"; };
		5E58C59517908E9900BACAC0 /* BPDisplaySettings.m */ = {isa = PBXFileReference; fileEncoding = 4; lastKnownFileType = sourcecode.c.objc; path = BPDisplaySettings.m; sourceTree = "<group>"; };
		5E5BC81816E004FA00165503 /* libBypass.a */ = {isa = PBXFileReference; explicitFileType = archive.ar; includeInIndex = 0; path = libBypass.a; sourceTree = BUILT_PRODUCTS_DIR; };
		5E5BC81B16E004FA00165503 /* Foundation.framework */ = {isa = PBXFileReference; lastKnownFileType = wrapper.framework; name = Foundation.framework; path = System/Library/Frameworks/Foundation.framework; sourceTree = SDKROOT; };
		5E5BC81F16E004FA00165503 /* Bypass-Prefix.pch */ = {isa = PBXFileReference; lastKnownFileType = sourcecode.c.h; path = "Bypass-Prefix.pch"; sourceTree = "<group>"; };
		5E5BC82016E004FA00165503 /* Bypass.h */ = {isa = PBXFileReference; lastKnownFileType = sourcecode.c.h; path = Bypass.h; sourceTree = "<group>"; };
		5E5BC82916E004FA00165503 /* BypassTests.octest */ = {isa = PBXFileReference; explicitFileType = wrapper.cfbundle; includeInIndex = 0; path = BypassTests.octest; sourceTree = BUILT_PRODUCTS_DIR; };
		5E5BC82A16E004FA00165503 /* SenTestingKit.framework */ = {isa = PBXFileReference; lastKnownFileType = wrapper.framework; name = SenTestingKit.framework; path = Library/Frameworks/SenTestingKit.framework; sourceTree = DEVELOPER_DIR; };
		5E5BC83416E004FA00165503 /* BypassTests-Info.plist */ = {isa = PBXFileReference; lastKnownFileType = text.plist.xml; path = "BypassTests-Info.plist"; sourceTree = "<group>"; };
		5E5BC83616E004FA00165503 /* en */ = {isa = PBXFileReference; lastKnownFileType = text.plist.strings; name = en; path = en.lproj/InfoPlist.strings; sourceTree = "<group>"; };
		5E5BC84F16E005E700165503 /* UIKit.framework */ = {isa = PBXFileReference; lastKnownFileType = wrapper.framework; name = UIKit.framework; path = System/Library/Frameworks/UIKit.framework; sourceTree = SDKROOT; };
		5E5BC85116E0066E00165503 /* BPParser.h */ = {isa = PBXFileReference; fileEncoding = 4; lastKnownFileType = sourcecode.c.h; path = BPParser.h; sourceTree = "<group>"; };
		5E5BC85216E0066E00165503 /* BPParser.mm */ = {isa = PBXFileReference; fileEncoding = 4; lastKnownFileType = sourcecode.cpp.objcpp; path = BPParser.mm; sourceTree = "<group>"; };
		5E5BC87116E0083D00165503 /* BPDocument.h */ = {isa = PBXFileReference; fileEncoding = 4; lastKnownFileType = sourcecode.c.h; path = BPDocument.h; sourceTree = "<group>"; };
		5E5BC87216E0083D00165503 /* BPDocument.mm */ = {isa = PBXFileReference; fileEncoding = 4; lastKnownFileType = sourcecode.cpp.objcpp; path = BPDocument.mm; sourceTree = "<group>"; };
		5E5BC87416E0085000165503 /* BPElement.h */ = {isa = PBXFileReference; fileEncoding = 4; lastKnownFileType = sourcecode.c.h; path = BPElement.h; sourceTree = "<group>"; };
		5E5BC87516E0085000165503 /* BPElement.mm */ = {isa = PBXFileReference; fileEncoding = 4; lastKnownFileType = sourcecode.cpp.objcpp; path = BPElement.mm; sourceTree = "<group>"; };
		5E5BC87A16E11F7300165503 /* BPElementTests.mm */ = {isa = PBXFileReference; fileEncoding = 4; lastKnownFileType = sourcecode.cpp.objcpp; path = BPElementTests.mm; sourceTree = "<group>"; };
		5E5BC87C16E1222A00165503 /* BPElementPrivate.h */ = {isa = PBXFileReference; lastKnownFileType = sourcecode.c.h; path = BPElementPrivate.h; sourceTree = "<group>"; };
		5E5BC87D16E12E3100165503 /* BPDocumentPrivate.h */ = {isa = PBXFileReference; fileEncoding = 4; lastKnownFileType = sourcecode.c.h; path = BPDocumentPrivate.h; sourceTree = "<group>"; };
		5E5BC87E16E134C200165503 /* BPDocumentTests.mm */ = {isa = PBXFileReference; fileEncoding = 4; lastKnownFileType = sourcecode.cpp.objcpp; path = BPDocumentTests.mm; sourceTree = "<group>"; };
		5E5BC88116E1448C00165503 /* BPParserTests.m */ = {isa = PBXFileReference; fileEncoding = 4; lastKnownFileType = sourcecode.c.objc; path = BPParserTests.m; sourceTree = "<group>"; };
		5E5BC88B16E79B2E00165503 /* array.c */ = {isa = PBXFileReference; fileEncoding = 4; lastKnownFileType = sourcecode.c.c; name = array.c; path = ../../../../dep/libsoldout/array.c; sourceTree = "<group>"; };
		5E5BC88C16E79B2E00165503 /* array.h */ = {isa = PBXFileReference; fileEncoding = 4; lastKnownFileType = sourcecode.c.h; name = array.h; path = ../../../../dep/libsoldout/array.h; sourceTree = "<group>"; };
		5E5BC88D16E79B2E00165503 /* buffer.c */ = {isa = PBXFileReference; fileEncoding = 4; lastKnownFileType = sourcecode.c.c; name = buffer.c; path = ../../../../dep/libsoldout/buffer.c; sourceTree = "<group>"; };
		5E5BC88E16E79B2E00165503 /* buffer.h */ = {isa = PBXFileReference; fileEncoding = 4; lastKnownFileType = sourcecode.c.h; name = buffer.h; path = ../../../../dep/libsoldout/buffer.h; sourceTree = "<group>"; };
		5E5BC88F16E79B2E00165503 /* markdown.c */ = {isa = PBXFileReference; fileEncoding = 4; lastKnownFileType = sourcecode.c.c; name = markdown.c; path = ../../../../dep/libsoldout/markdown.c; sourceTree = "<group>"; };
		5E5BC89016E79B2E00165503 /* markdown.h */ = {isa = PBXFileReference; fileEncoding = 4; lastKnownFileType = sourcecode.c.h; name = markdown.h; path = ../../../../dep/libsoldout/markdown.h; sourceTree = "<group>"; };
		5E5BC89416E79B6200165503 /* document.cpp */ = {isa = PBXFileReference; fileEncoding = 4; lastKnownFileType = sourcecode.cpp.cpp; name = document.cpp; path = ../../../../src/document.cpp; sourceTree = "<group>"; };
		5E5BC89516E79B6200165503 /* document.h */ = {isa = PBXFileReference; fileEncoding = 4; lastKnownFileType = sourcecode.c.h; name = document.h; path = ../../../../src/document.h; sourceTree = "<group>"; };
		5E5BC89616E79B6200165503 /* element.cpp */ = {isa = PBXFileReference; fileEncoding = 4; lastKnownFileType = sourcecode.cpp.cpp; name = element.cpp; path = ../../../../src/element.cpp; sourceTree = "<group>"; };
		5E5BC89716E79B6200165503 /* element.h */ = {isa = PBXFileReference; fileEncoding = 4; lastKnownFileType = sourcecode.c.h; name = element.h; path = ../../../../src/element.h; sourceTree = "<group>"; };
		5E5BC89816E79B6200165503 /* parser.cpp */ = {isa = PBXFileReference; fileEncoding = 4; lastKnownFileType = sourcecode.cpp.cpp; name = parser.cpp; path = ../../../../src/parser.cpp; sourceTree = "<group>"; };
		5E5BC89916E79B6200165503 /* parser.h */ = {isa = PBXFileReference; fileEncoding = 4; lastKnownFileType = sourcecode.c.h; name = parser.h; path = ../../../../src/parser.h; sourceTree = "<group>"; };
		5E5BC8A016E7BE9400165503 /* CoreText.framework */ = {isa = PBXFileReference; lastKnownFileType = wrapper.framework; name = CoreText.framework; path = System/Library/Frameworks/CoreText.framework; sourceTree = SDKROOT; };
		6BE4F72516F0E9D100670C16 /* BPMarkdownPageView.h */ = {isa = PBXFileReference; fileEncoding = 4; lastKnownFileType = sourcecode.c.h; path = BPMarkdownPageView.h; sourceTree = "<group>"; };
		6BE4F72616F0E9D100670C16 /* BPMarkdownPageView.m */ = {isa = PBXFileReference; fileEncoding = 4; lastKnownFileType = sourcecode.c.objc; path = BPMarkdownPageView.m; sourceTree = "<group>"; };
/* End PBXFileReference section */

/* Begin PBXFrameworksBuildPhase section */
		5E5BC81516E004FA00165503 /* Frameworks */ = {
			isa = PBXFrameworksBuildPhase;
			buildActionMask = 2147483647;
			files = (
				5E5BC8A116E7BE9400165503 /* CoreText.framework in Frameworks */,
				5E5BC85016E005E700165503 /* UIKit.framework in Frameworks */,
				5E5BC81C16E004FA00165503 /* Foundation.framework in Frameworks */,
			);
			runOnlyForDeploymentPostprocessing = 0;
		};
		5E5BC82516E004FA00165503 /* Frameworks */ = {
			isa = PBXFrameworksBuildPhase;
			buildActionMask = 2147483647;
			files = (
				5E5BC82B16E004FA00165503 /* SenTestingKit.framework in Frameworks */,
				5E5BC82E16E004FA00165503 /* Foundation.framework in Frameworks */,
				5E5BC83116E004FA00165503 /* libBypass.a in Frameworks */,
			);
			runOnlyForDeploymentPostprocessing = 0;
		};
/* End PBXFrameworksBuildPhase section */

/* Begin PBXGroup section */
		5E58C58317908CA300BACAC0 /* Accessibility */ = {
			isa = PBXGroup;
			children = (
				5E58C58417908CE800BACAC0 /* BPAccessibilityElement.h */,
				5E58C58517908CE800BACAC0 /* BPAccessibilityElement.m */,
				5E58C58617908CE800BACAC0 /* BPAccessibilityVisitor.h */,
				5E58C58717908CE800BACAC0 /* BPAccessibilityVisitor.m */,
			);
			name = Accessibility;
			sourceTree = "<group>";
		};
		5E5BC80F16E004FA00165503 = {
			isa = PBXGroup;
			children = (
				5E5BC81D16E004FA00165503 /* Bypass */,
				5E5BC83216E004FA00165503 /* BypassTests */,
				5E5BC81A16E004FA00165503 /* Frameworks */,
				5E5BC81916E004FA00165503 /* Products */,
			);
			sourceTree = "<group>";
		};
		5E5BC81916E004FA00165503 /* Products */ = {
			isa = PBXGroup;
			children = (
				5E5BC81816E004FA00165503 /* libBypass.a */,
				5E5BC82916E004FA00165503 /* BypassTests.octest */,
			);
			name = Products;
			sourceTree = "<group>";
		};
		5E5BC81A16E004FA00165503 /* Frameworks */ = {
			isa = PBXGroup;
			children = (
				5E5BC8A016E7BE9400165503 /* CoreText.framework */,
				5E5BC81B16E004FA00165503 /* Foundation.framework */,
				5E5BC82A16E004FA00165503 /* SenTestingKit.framework */,
				5E5BC84F16E005E700165503 /* UIKit.framework */,
			);
			name = Frameworks;
			sourceTree = "<group>";
		};
		5E5BC81D16E004FA00165503 /* Bypass */ = {
			isa = PBXGroup;
			children = (
				5E5BC82016E004FA00165503 /* Bypass.h */,
				5E5BC85116E0066E00165503 /* BPParser.h */,
				5E5BC85216E0066E00165503 /* BPParser.mm */,
				5E58C58317908CA300BACAC0 /* Accessibility */,
				6BE4F72216F0E90500670C16 /* Model */,
				6BE4F72416F0E99000670C16 /* View */,
				5E5BC86716E007AC00165503 /* Soldout */,
				5E5BC85416E006D700165503 /* Core */,
				5E5BC81E16E004FA00165503 /* Supporting Files */,
			);
			path = Bypass;
			sourceTree = "<group>";
		};
		5E5BC81E16E004FA00165503 /* Supporting Files */ = {
			isa = PBXGroup;
			children = (
				5E5BC81F16E004FA00165503 /* Bypass-Prefix.pch */,
			);
			name = "Supporting Files";
			sourceTree = "<group>";
		};
		5E5BC83216E004FA00165503 /* BypassTests */ = {
			isa = PBXGroup;
			children = (
				5E5BC87A16E11F7300165503 /* BPElementTests.mm */,
				5E5BC87E16E134C200165503 /* BPDocumentTests.mm */,
				5E5BC88116E1448C00165503 /* BPParserTests.m */,
				5E5BC83316E004FA00165503 /* Supporting Files */,
			);
			path = BypassTests;
			sourceTree = "<group>";
		};
		5E5BC83316E004FA00165503 /* Supporting Files */ = {
			isa = PBXGroup;
			children = (
				5E5BC83416E004FA00165503 /* BypassTests-Info.plist */,
				5E5BC83516E004FA00165503 /* InfoPlist.strings */,
			);
			name = "Supporting Files";
			sourceTree = "<group>";
		};
		5E5BC85416E006D700165503 /* Core */ = {
			isa = PBXGroup;
			children = (
				5E5BC89416E79B6200165503 /* document.cpp */,
				5E5BC89516E79B6200165503 /* document.h */,
				5E5BC89616E79B6200165503 /* element.cpp */,
				5E5BC89716E79B6200165503 /* element.h */,
				5E5BC89816E79B6200165503 /* parser.cpp */,
				5E5BC89916E79B6200165503 /* parser.h */,
			);
			name = Core;
			sourceTree = "<group>";
		};
		5E5BC86716E007AC00165503 /* Soldout */ = {
			isa = PBXGroup;
			children = (
				5E5BC88B16E79B2E00165503 /* array.c */,
				5E5BC88C16E79B2E00165503 /* array.h */,
				5E5BC88D16E79B2E00165503 /* buffer.c */,
				5E5BC88E16E79B2E00165503 /* buffer.h */,
				5E5BC88F16E79B2E00165503 /* markdown.c */,
				5E5BC89016E79B2E00165503 /* markdown.h */,
			);
			name = Soldout;
			sourceTree = "<group>";
		};
		6BE4F72216F0E90500670C16 /* Model */ = {
			isa = PBXGroup;
			children = (
				5E58C58A17908CFC00BACAC0 /* BPAttributedTextVisitor.h */,
				5E58C58B17908CFC00BACAC0 /* BPAttributedTextVisitor.m */,
				5E58C59417908E9900BACAC0 /* BPDisplaySettings.h */,
				5E58C59517908E9900BACAC0 /* BPDisplaySettings.m */,
				5E5BC87116E0083D00165503 /* BPDocument.h */,
				5E5BC87216E0083D00165503 /* BPDocument.mm */,
				5E5BC87D16E12E3100165503 /* BPDocumentPrivate.h */,
				5E5BC87416E0085000165503 /* BPElement.h */,
				5E5BC87516E0085000165503 /* BPElement.mm */,
				5E5BC87C16E1222A00165503 /* BPElementPrivate.h */,
				5E58C58D17908D2000BACAC0 /* BPElementWalker.h */,
				5E58C58E17908D2000BACAC0 /* BPElementWalker.m */,
				5E58C59017908D3200BACAC0 /* BPTextVisitor.h */,
				5E58C59117908D3200BACAC0 /* BPTextVisitor.m */,
			);
			name = Model;
			sourceTree = "<group>";
		};
		6BE4F72416F0E99000670C16 /* View */ = {
			isa = PBXGroup;
			children = (
				5E007AE916FA17D100F8CFFD /* BPMarkdownView.h */,
				5E007AEA16FA17D100F8CFFD /* BPMarkdownView.m */,
				6BE4F72516F0E9D100670C16 /* BPMarkdownPageView.h */,
				6BE4F72616F0E9D100670C16 /* BPMarkdownPageView.m */,
			);
			name = View;
			sourceTree = "<group>";
		};
/* End PBXGroup section */

/* Begin PBXNativeTarget section */
		5E5BC81716E004FA00165503 /* Bypass */ = {
			isa = PBXNativeTarget;
			buildConfigurationList = 5E5BC83D16E004FA00165503 /* Build configuration list for PBXNativeTarget "Bypass" */;
			buildPhases = (
				5E5BC81416E004FA00165503 /* Sources */,
				5E5BC81516E004FA00165503 /* Frameworks */,
				5E5BC81616E004FA00165503 /* CopyFiles */,
			);
			buildRules = (
			);
			dependencies = (
			);
			name = Bypass;
			productName = Bypass;
			productReference = 5E5BC81816E004FA00165503 /* libBypass.a */;
			productType = "com.apple.product-type.library.static";
		};
		5E5BC82816E004FA00165503 /* BypassTests */ = {
			isa = PBXNativeTarget;
			buildConfigurationList = 5E5BC84016E004FA00165503 /* Build configuration list for PBXNativeTarget "BypassTests" */;
			buildPhases = (
				5E5BC82416E004FA00165503 /* Sources */,
				5E5BC82516E004FA00165503 /* Frameworks */,
				5E5BC82616E004FA00165503 /* Resources */,
				5E5BC82716E004FA00165503 /* ShellScript */,
			);
			buildRules = (
			);
			dependencies = (
				5E5BC83016E004FA00165503 /* PBXTargetDependency */,
			);
			name = BypassTests;
			productName = BypassTests;
			productReference = 5E5BC82916E004FA00165503 /* BypassTests.octest */;
			productType = "com.apple.product-type.bundle";
		};
/* End PBXNativeTarget section */

/* Begin PBXProject section */
		5E5BC81016E004FA00165503 /* Project object */ = {
			isa = PBXProject;
			attributes = {
				LastUpgradeCheck = 0460;
				ORGANIZATIONNAME = Uncodin;
			};
			buildConfigurationList = 5E5BC81316E004FA00165503 /* Build configuration list for PBXProject "Bypass" */;
			compatibilityVersion = "Xcode 3.2";
			developmentRegion = English;
			hasScannedForEncodings = 0;
			knownRegions = (
				en,
			);
			mainGroup = 5E5BC80F16E004FA00165503;
			productRefGroup = 5E5BC81916E004FA00165503 /* Products */;
			projectDirPath = "";
			projectRoot = "";
			targets = (
				5E5BC81716E004FA00165503 /* Bypass */,
				5E5BC82816E004FA00165503 /* BypassTests */,
			);
		};
/* End PBXProject section */

/* Begin PBXResourcesBuildPhase section */
		5E5BC82616E004FA00165503 /* Resources */ = {
			isa = PBXResourcesBuildPhase;
			buildActionMask = 2147483647;
			files = (
				5E5BC83716E004FA00165503 /* InfoPlist.strings in Resources */,
			);
			runOnlyForDeploymentPostprocessing = 0;
		};
/* End PBXResourcesBuildPhase section */

/* Begin PBXShellScriptBuildPhase section */
		5E5BC82716E004FA00165503 /* ShellScript */ = {
			isa = PBXShellScriptBuildPhase;
			buildActionMask = 2147483647;
			files = (
			);
			inputPaths = (
			);
			outputPaths = (
			);
			runOnlyForDeploymentPostprocessing = 0;
			shellPath = /bin/sh;
			shellScript = "# Run the unit tests in this test bundle.\n\"${SYSTEM_DEVELOPER_DIR}/Tools/RunUnitTests\"\n";
		};
/* End PBXShellScriptBuildPhase section */

/* Begin PBXSourcesBuildPhase section */
		5E5BC81416E004FA00165503 /* Sources */ = {
			isa = PBXSourcesBuildPhase;
			buildActionMask = 2147483647;
			files = (
				5E5BC85316E0066E00165503 /* BPParser.mm in Sources */,
				5E58C58817908CE800BACAC0 /* BPAccessibilityElement.m in Sources */,
				5E5BC87316E0083D00165503 /* BPDocument.mm in Sources */,
				5E58C58C17908CFC00BACAC0 /* BPAttributedTextVisitor.m in Sources */,
				5E5BC87616E0085000165503 /* BPElement.mm in Sources */,
				5E5BC89116E79B2E00165503 /* array.c in Sources */,
				5E58C59617908E9900BACAC0 /* BPDisplaySettings.m in Sources */,
				5E5BC89216E79B2E00165503 /* buffer.c in Sources */,
				5E58C58F17908D2000BACAC0 /* BPElementWalker.m in Sources */,
				5E5BC89316E79B2E00165503 /* markdown.c in Sources */,
				5E5BC89A16E79B6200165503 /* document.cpp in Sources */,
				5E58C59217908D3300BACAC0 /* BPTextVisitor.m in Sources */,
				5E5BC89B16E79B6200165503 /* element.cpp in Sources */,
				5E5BC89C16E79B6200165503 /* parser.cpp in Sources */,
				6BE4F72716F0E9D100670C16 /* BPMarkdownPageView.m in Sources */,
				5E007AEB16FA17D200F8CFFD /* BPMarkdownView.m in Sources */,
				5E58C58917908CE800BACAC0 /* BPAccessibilityVisitor.m in Sources */,
			);
			runOnlyForDeploymentPostprocessing = 0;
		};
		5E5BC82416E004FA00165503 /* Sources */ = {
			isa = PBXSourcesBuildPhase;
			buildActionMask = 2147483647;
			files = (
				5E5BC87B16E11F7300165503 /* BPElementTests.mm in Sources */,
				5E5BC87F16E134C200165503 /* BPDocumentTests.mm in Sources */,
				5E5BC88216E1448C00165503 /* BPParserTests.m in Sources */,
			);
			runOnlyForDeploymentPostprocessing = 0;
		};
/* End PBXSourcesBuildPhase section */

/* Begin PBXTargetDependency section */
		5E5BC83016E004FA00165503 /* PBXTargetDependency */ = {
			isa = PBXTargetDependency;
			target = 5E5BC81716E004FA00165503 /* Bypass */;
			targetProxy = 5E5BC82F16E004FA00165503 /* PBXContainerItemProxy */;
		};
/* End PBXTargetDependency section */

/* Begin PBXVariantGroup section */
		5E5BC83516E004FA00165503 /* InfoPlist.strings */ = {
			isa = PBXVariantGroup;
			children = (
				5E5BC83616E004FA00165503 /* en */,
			);
			name = InfoPlist.strings;
			sourceTree = "<group>";
		};
/* End PBXVariantGroup section */

/* Begin XCBuildConfiguration section */
		5E5BC83B16E004FA00165503 /* Debug */ = {
			isa = XCBuildConfiguration;
			buildSettings = {
				ALWAYS_SEARCH_USER_PATHS = NO;
				CLANG_CXX_LANGUAGE_STANDARD = "gnu++0x";
				CLANG_CXX_LIBRARY = "libc++";
				CLANG_ENABLE_OBJC_ARC = YES;
				CLANG_WARN_CONSTANT_CONVERSION = YES;
				CLANG_WARN_EMPTY_BODY = YES;
				CLANG_WARN_ENUM_CONVERSION = YES;
				CLANG_WARN_INT_CONVERSION = YES;
				CLANG_WARN__DUPLICATE_METHOD_MATCH = YES;
				COPY_PHASE_STRIP = NO;
				GCC_C_LANGUAGE_STANDARD = gnu99;
				GCC_DYNAMIC_NO_PIC = NO;
				GCC_OPTIMIZATION_LEVEL = 0;
				GCC_PREPROCESSOR_DEFINITIONS = (
					"DEBUG=1",
					"$(inherited)",
				);
				GCC_SYMBOLS_PRIVATE_EXTERN = NO;
				GCC_WARN_ABOUT_RETURN_TYPE = YES;
				GCC_WARN_UNINITIALIZED_AUTOS = YES;
				GCC_WARN_UNUSED_VARIABLE = YES;
				IPHONEOS_DEPLOYMENT_TARGET = 6.1;
				ONLY_ACTIVE_ARCH = YES;
				SDKROOT = iphoneos;
			};
			name = Debug;
		};
		5E5BC83C16E004FA00165503 /* Release */ = {
			isa = XCBuildConfiguration;
			buildSettings = {
				ALWAYS_SEARCH_USER_PATHS = NO;
				CLANG_CXX_LANGUAGE_STANDARD = "gnu++0x";
				CLANG_CXX_LIBRARY = "libc++";
				CLANG_ENABLE_OBJC_ARC = YES;
				CLANG_WARN_CONSTANT_CONVERSION = YES;
				CLANG_WARN_EMPTY_BODY = YES;
				CLANG_WARN_ENUM_CONVERSION = YES;
				CLANG_WARN_INT_CONVERSION = YES;
				CLANG_WARN__DUPLICATE_METHOD_MATCH = YES;
				COPY_PHASE_STRIP = YES;
				GCC_C_LANGUAGE_STANDARD = gnu99;
				GCC_WARN_ABOUT_RETURN_TYPE = YES;
				GCC_WARN_UNINITIALIZED_AUTOS = YES;
				GCC_WARN_UNUSED_VARIABLE = YES;
				IPHONEOS_DEPLOYMENT_TARGET = 6.1;
				SDKROOT = iphoneos;
				VALIDATE_PRODUCT = YES;
			};
			name = Release;
		};
		5E5BC83E16E004FA00165503 /* Debug */ = {
			isa = XCBuildConfiguration;
			buildSettings = {
				BOOST_HOME = /usr/local/include;
				DSTROOT = /tmp/Bypass.dst;
				GCC_PRECOMPILE_PREFIX_HEADER = YES;
				GCC_PREFIX_HEADER = "Bypass/Bypass-Prefix.pch";
				HEADER_SEARCH_PATHS = "$(BOOST_HOME)";
				IPHONEOS_DEPLOYMENT_TARGET = 6.0;
				OTHER_LDFLAGS = "-ObjC";
				PRODUCT_NAME = "$(TARGET_NAME)";
				SKIP_INSTALL = YES;
			};
			name = Debug;
		};
		5E5BC83F16E004FA00165503 /* Release */ = {
			isa = XCBuildConfiguration;
			buildSettings = {
				BOOST_HOME = /usr/local/include;
				DSTROOT = /tmp/Bypass.dst;
				GCC_PRECOMPILE_PREFIX_HEADER = YES;
				GCC_PREFIX_HEADER = "Bypass/Bypass-Prefix.pch";
				HEADER_SEARCH_PATHS = "$(BOOST_HOME)";
				IPHONEOS_DEPLOYMENT_TARGET = 6.0;
				OTHER_LDFLAGS = "-ObjC";
				PRODUCT_NAME = "$(TARGET_NAME)";
				SKIP_INSTALL = YES;
			};
			name = Release;
		};
		5E5BC84116E004FA00165503 /* Debug */ = {
			isa = XCBuildConfiguration;
			buildSettings = {
				FRAMEWORK_SEARCH_PATHS = (
					"\"$(SDKROOT)/Developer/Library/Frameworks\"",
					"\"$(DEVELOPER_LIBRARY_DIR)/Frameworks\"",
				);
				GCC_PRECOMPILE_PREFIX_HEADER = YES;
				GCC_PREFIX_HEADER = "Bypass/Bypass-Prefix.pch";
				INFOPLIST_FILE = "BypassTests/BypassTests-Info.plist";
				PRODUCT_NAME = "$(TARGET_NAME)";
				WRAPPER_EXTENSION = octest;
			};
			name = Debug;
		};
		5E5BC84216E004FA00165503 /* Release */ = {
			isa = XCBuildConfiguration;
			buildSettings = {
				FRAMEWORK_SEARCH_PATHS = (
					"\"$(SDKROOT)/Developer/Library/Frameworks\"",
					"\"$(DEVELOPER_LIBRARY_DIR)/Frameworks\"",
				);
				GCC_PRECOMPILE_PREFIX_HEADER = YES;
				GCC_PREFIX_HEADER = "Bypass/Bypass-Prefix.pch";
				INFOPLIST_FILE = "BypassTests/BypassTests-Info.plist";
				PRODUCT_NAME = "$(TARGET_NAME)";
				WRAPPER_EXTENSION = octest;
			};
			name = Release;
		};
/* End XCBuildConfiguration section */

/* Begin XCConfigurationList section */
		5E5BC81316E004FA00165503 /* Build configuration list for PBXProject "Bypass" */ = {
			isa = XCConfigurationList;
			buildConfigurations = (
				5E5BC83B16E004FA00165503 /* Debug */,
				5E5BC83C16E004FA00165503 /* Release */,
			);
			defaultConfigurationIsVisible = 0;
			defaultConfigurationName = Release;
		};
		5E5BC83D16E004FA00165503 /* Build configuration list for PBXNativeTarget "Bypass" */ = {
			isa = XCConfigurationList;
			buildConfigurations = (
				5E5BC83E16E004FA00165503 /* Debug */,
				5E5BC83F16E004FA00165503 /* Release */,
			);
			defaultConfigurationIsVisible = 0;
			defaultConfigurationName = Release;
		};
		5E5BC84016E004FA00165503 /* Build configuration list for PBXNativeTarget "BypassTests" */ = {
			isa = XCConfigurationList;
			buildConfigurations = (
				5E5BC84116E004FA00165503 /* Debug */,
				5E5BC84216E004FA00165503 /* Release */,
			);
			defaultConfigurationIsVisible = 0;
			defaultConfigurationName = Release;
		};
/* End XCConfigurationList section */
	};
	rootObject = 5E5BC81016E004FA00165503 /* Project object */;
}
